
Microsoft Visual Studio Solution File, Format Version 12.00
# Visual Studio 15
VisualStudioVersion = 15.0.28307.572
MinimumVisualStudioVersion = 10.0.40219.1
Project("{8BC9CEB8-8B4A-11D0-8D11-00A0C91BC942}") = "ClangIndexer", "ClangIndexer\ClangIndexer.vcxproj", "{80060DD3-6434-4BB3-A248-068540333A0E}"
EndProject
Global
	GlobalSection(SolutionConfigurationPlatforms) = preSolution
		Debug|x64 = Debug|x64
		Debug|x86 = Debug|x86
		Release|x64 = Release|x64
		Release|x86 = Release|x86
	EndGlobalSection
	GlobalSection(ProjectConfigurationPlatforms) = postSolution
		{80060DD3-6434-4BB3-A248-068540333A0E}.Debug|x64.ActiveCfg = Debug|x64
		{80060DD3-6434-4BB3-A248-068540333A0E}.Debug|x64.Build.0 = Debug|x64
		{80060DD3-6434-4BB3-A248-068540333A0E}.Debug|x86.ActiveCfg = Debug|Win32
		{80060DD3-6434-4BB3-A248-068540333A0E}.Debug|x86.Build.0 = Debug|Win32
		{80060DD3-6434-4BB3-A248-068540333A0E}.Release|x64.ActiveCfg = Release|x64
		{80060DD3-6434-4BB3-A248-068540333A0E}.Release|x64.Build.0 = Release|x64
		{80060DD3-6434-4BB3-A248-068540333A0E}.Release|x86.ActiveCfg = Release|Win32
		{80060DD3-6434-4BB3-A248-068540333A0E}.Release|x86.Build.0 = Release|Win32
	EndGlobalSection
	GlobalSection(SolutionProperties) = preSolution
		HideSolutionNode = FALSE
	EndGlobalSection
	GlobalSection(ExtensibilityGlobals) = postSolution
		SolutionGuid = {B23DC635-44BE-4A36-B532-9BD5F977B7DB}
	EndGlobalSection
EndGlobal
